
Microsoft Visual Studio Solution File, Format Version 12.00
Project("{FAE04EC0-301F-11D3-BF4B-00C04F79EFBC}") = "Shared.SharedKernel", "Shared.SharedKernel\Shared.SharedKernel.csproj", "{0EE52315-3C59-43C3-91BF-8B48F5D986BA}"
EndProject
Project("{FAE04EC0-301F-11D3-BF4B-00C04F79EFBC}") = "Core", "Core\Core.csproj", "{9CA3C304-CB19-495D-964A-D6A25C3907CC}"
EndProject
Project("{2150E333-8FDC-42A3-9474-1A3956D46DE8}") = "SolutionFolder", "SolutionFolder", "{C541E1FD-1149-4E49-B2FF-C2C225F77E8C}"
	ProjectSection(SolutionItems) = preProject
		.editorconfig = .editorconfig
		Directory.Build.props = Directory.Build.props
	EndProjectSection
EndProject
Project("{FAE04EC0-301F-11D3-BF4B-00C04F79EFBC}") = "Framework", "Framework\Framework.csproj", "{05BAC346-8C17-4A5F-A4D4-D980A87E696C}"
EndProject
Global
	GlobalSection(SolutionConfigurationPlatforms) = preSolution
		Debug|Any CPU = Debug|Any CPU
		Release|Any CPU = Release|Any CPU
	EndGlobalSection
	GlobalSection(ProjectConfigurationPlatforms) = postSolution
		{0EE52315-3C59-43C3-91BF-8B48F5D986BA}.Debug|Any CPU.ActiveCfg = Debug|Any CPU
		{0EE52315-3C59-43C3-91BF-8B48F5D986BA}.Debug|Any CPU.Build.0 = Debug|Any CPU
		{0EE52315-3C59-43C3-91BF-8B48F5D986BA}.Release|Any CPU.ActiveCfg = Release|Any CPU
		{0EE52315-3C59-43C3-91BF-8B48F5D986BA}.Release|Any CPU.Build.0 = Release|Any CPU
		{9CA3C304-CB19-495D-964A-D6A25C3907CC}.Debug|Any CPU.ActiveCfg = Debug|Any CPU
		{9CA3C304-CB19-495D-964A-D6A25C3907CC}.Debug|Any CPU.Build.0 = Debug|Any CPU
		{9CA3C304-CB19-495D-964A-D6A25C3907CC}.Release|Any CPU.ActiveCfg = Release|Any CPU
		{9CA3C304-CB19-495D-964A-D6A25C3907CC}.Release|Any CPU.Build.0 = Release|Any CPU
		{05BAC346-8C17-4A5F-A4D4-D980A87E696C}.Debug|Any CPU.ActiveCfg = Debug|Any CPU
		{05BAC346-8C17-4A5F-A4D4-D980A87E696C}.Debug|Any CPU.Build.0 = Debug|Any CPU
		{05BAC346-8C17-4A5F-A4D4-D980A87E696C}.Release|Any CPU.ActiveCfg = Release|Any CPU
		{05BAC346-8C17-4A5F-A4D4-D980A87E696C}.Release|Any CPU.Build.0 = Release|Any CPU
	EndGlobalSection
EndGlobal
